
Microsoft Visual Studio Solution File, Format Version 12.00
# Visual Studio Version 17
VisualStudioVersion = 17.10.35027.167
MinimumVisualStudioVersion = 10.0.40219.1
Project("{FAE04EC0-301F-11D3-BF4B-00C04F79EFBC}") = "MLNetProjects", "MLNetProjects\MLNetProjects.csproj", "{613F99CA-6779-4EF5-A5A3-15E7A56831A8}"
EndProject
Project("{9A19103F-16F7-4668-BE54-9A1E7A4F7556}") = "PricePredictionModelConsole", "PricePredictionModelConsole\PricePredictionModelConsole.csproj", "{F720F54E-EB24-463F-89C3-752A76F07B2B}"
EndProject
Global
	GlobalSection(SolutionConfigurationPlatforms) = preSolution
		Debug|Any CPU = Debug|Any CPU
		Release|Any CPU = Release|Any CPU
	EndGlobalSection
	GlobalSection(ProjectConfigurationPlatforms) = postSolution
		{613F99CA-6779-4EF5-A5A3-15E7A56831A8}.Debug|Any CPU.ActiveCfg = Debug|Any CPU
		{613F99CA-6779-4EF5-A5A3-15E7A56831A8}.Debug|Any CPU.Build.0 = Debug|Any CPU
		{613F99CA-6779-4EF5-A5A3-15E7A56831A8}.Release|Any CPU.ActiveCfg = Release|Any CPU
		{613F99CA-6779-4EF5-A5A3-15E7A56831A8}.Release|Any CPU.Build.0 = Release|Any CPU
		{F720F54E-EB24-463F-89C3-752A76F07B2B}.Debug|Any CPU.ActiveCfg = Debug|Any CPU
		{F720F54E-EB24-463F-89C3-752A76F07B2B}.Debug|Any CPU.Build.0 = Debug|Any CPU
		{F720F54E-EB24-463F-89C3-752A76F07B2B}.Release|Any CPU.ActiveCfg = Release|Any CPU
		{F720F54E-EB24-463F-89C3-752A76F07B2B}.Release|Any CPU.Build.0 = Release|Any CPU
	EndGlobalSection
	GlobalSection(SolutionProperties) = preSolution
		HideSolutionNode = FALSE
	EndGlobalSection
	GlobalSection(ExtensibilityGlobals) = postSolution
		SolutionGuid = {B746AD50-59BA-4325-A005-D49A20CE9D55}
	EndGlobalSection
EndGlobal
